PODS:
  - AKSocketManager (0.1.0):
    - CocoaAsyncSocket (= 7.5.1)
  - CocoaAsyncSocket (7.5.1):
    - CocoaAsyncSocket/GCD (= 7.5.1)
  - CocoaAsyncSocket/GCD (7.5.1)

DEPENDENCIES:
  - AKSocketManager (from `../`)

EXTERNAL SOURCES:
  AKSocketManager:
    :path: "../"

SPEC CHECKSUMS:
  AKSocketManager: 5af8eb13082fdb30ae3bfe8e86b65b3353127a12
  CocoaAsyncSocket: e0a7e93b2ffa411592ff87e58524fbbc9b95b4fa

PODFILE CHECKSUM: b05c495eeb62dc377fdd75b9cf96dd090024e6d7

COCOAPODS: 1.2.1
